
Microsoft Visual Studio Solution File, Format Version 12.00
# Visual Studio Version 16
VisualStudioVersion = 16.0.32106.194
MinimumVisualStudioVersion = 10.0.40219.1
Project("{FAE04EC0-301F-11D3-BF4B-00C04F79EFBC}") = "HomeWork20.04.22_Task2", "HomeWork20.04.22_Task2\HomeWork20.04.22_Task2.csproj", "{9E5013DF-920B-404D-987E-95D997B4CA58}"
EndProject
Global
	GlobalSection(SolutionConfigurationPlatforms) = preSolution
		Debug|Any CPU = Debug|Any CPU
		Release|Any CPU = Release|Any CPU
	EndGlobalSection
	GlobalSection(ProjectConfigurationPlatforms) = postSolution
		{9E5013DF-920B-404D-987E-95D997B4CA58}.Debug|Any CPU.ActiveCfg = Debug|Any CPU
		{9E5013DF-920B-404D-987E-95D997B4CA58}.Debug|Any CPU.Build.0 = Debug|Any CPU
		{9E5013DF-920B-404D-987E-95D997B4CA58}.Release|Any CPU.ActiveCfg = Release|Any CPU
		{9E5013DF-920B-404D-987E-95D997B4CA58}.Release|Any CPU.Build.0 = Release|Any CPU
	EndGlobalSection
	GlobalSection(SolutionProperties) = preSolution
		HideSolutionNode = FALSE
	EndGlobalSection
	GlobalSection(ExtensibilityGlobals) = postSolution
		SolutionGuid = {E8C4A712-6C0E-4CD0-99F7-B166D0DF8D01}
	EndGlobalSection
EndGlobal
